
Microsoft Visual Studio Solution File, Format Version 12.00
# Visual Studio Version 16
VisualStudioVersion = 16.0.29905.134
MinimumVisualStudioVersion = 15.0.26124.0
Project("{FAE04EC0-301F-11D3-BF4B-00C04F79EFBC}") = "PlanetEscape.Api", "Api\PlanetEscape.Api.csproj", "{23A5C0E4-245E-416A-9A98-843EBC31F623}"
EndProject
Project("{9A19103F-16F7-4668-BE54-9A1E7A4F7556}") = "PlanetEscape.Contracts", "PlanetEscape.Contracts\PlanetEscape.Contracts.csproj", "{A4838560-BC9F-408B-8D17-5AF86AF89D6E}"
EndProject
Global
	GlobalSection(SolutionConfigurationPlatforms) = preSolution
		Debug|Any CPU = Debug|Any CPU
		Debug|x64 = Debug|x64
		Debug|x86 = Debug|x86
		Release|Any CPU = Release|Any CPU
		Release|x64 = Release|x64
		Release|x86 = Release|x86
	EndGlobalSection
	GlobalSection(ProjectConfigurationPlatforms) = postSolution
		{23A5C0E4-245E-416A-9A98-843EBC31F623}.Debug|Any CPU.ActiveCfg = Debug|Any CPU
		{23A5C0E4-245E-416A-9A98-843EBC31F623}.Debug|Any CPU.Build.0 = Debug|Any CPU
		{23A5C0E4-245E-416A-9A98-843EBC31F623}.Debug|x64.ActiveCfg = Debug|Any CPU
		{23A5C0E4-245E-416A-9A98-843EBC31F623}.Debug|x64.Build.0 = Debug|Any CPU
		{23A5C0E4-245E-416A-9A98-843EBC31F623}.Debug|x86.ActiveCfg = Debug|Any CPU
		{23A5C0E4-245E-416A-9A98-843EBC31F623}.Debug|x86.Build.0 = Debug|Any CPU
		{23A5C0E4-245E-416A-9A98-843EBC31F623}.Release|Any CPU.ActiveCfg = Release|Any CPU
		{23A5C0E4-245E-416A-9A98-843EBC31F623}.Release|Any CPU.Build.0 = Release|Any CPU
		{23A5C0E4-245E-416A-9A98-843EBC31F623}.Release|x64.ActiveCfg = Release|Any CPU
		{23A5C0E4-245E-416A-9A98-843EBC31F623}.Release|x64.Build.0 = Release|Any CPU
		{23A5C0E4-245E-416A-9A98-843EBC31F623}.Release|x86.ActiveCfg = Release|Any CPU
		{23A5C0E4-245E-416A-9A98-843EBC31F623}.Release|x86.Build.0 = Release|Any CPU
		{A4838560-BC9F-408B-8D17-5AF86AF89D6E}.Debug|Any CPU.ActiveCfg = Debug|Any CPU
		{A4838560-BC9F-408B-8D17-5AF86AF89D6E}.Debug|Any CPU.Build.0 = Debug|Any CPU
		{A4838560-BC9F-408B-8D17-5AF86AF89D6E}.Debug|x64.ActiveCfg = Debug|Any CPU
		{A4838560-BC9F-408B-8D17-5AF86AF89D6E}.Debug|x64.Build.0 = Debug|Any CPU
		{A4838560-BC9F-408B-8D17-5AF86AF89D6E}.Debug|x86.ActiveCfg = Debug|Any CPU
		{A4838560-BC9F-408B-8D17-5AF86AF89D6E}.Debug|x86.Build.0 = Debug|Any CPU
		{A4838560-BC9F-408B-8D17-5AF86AF89D6E}.Release|Any CPU.ActiveCfg = Release|Any CPU
		{A4838560-BC9F-408B-8D17-5AF86AF89D6E}.Release|Any CPU.Build.0 = Release|Any CPU
		{A4838560-BC9F-408B-8D17-5AF86AF89D6E}.Release|x64.ActiveCfg = Release|Any CPU
		{A4838560-BC9F-408B-8D17-5AF86AF89D6E}.Release|x64.Build.0 = Release|Any CPU
		{A4838560-BC9F-408B-8D17-5AF86AF89D6E}.Release|x86.ActiveCfg = Release|Any CPU
		{A4838560-BC9F-408B-8D17-5AF86AF89D6E}.Release|x86.Build.0 = Release|Any CPU
	EndGlobalSection
	GlobalSection(SolutionProperties) = preSolution
		HideSolutionNode = FALSE
	EndGlobalSection
	GlobalSection(ExtensibilityGlobals) = postSolution
		SolutionGuid = {4149FFCF-0950-4DB8-971A-5126998133CA}
	EndGlobalSection
EndGlobal
